
Microsoft Visual Studio Solution File, Format Version 12.00
# Visual Studio 15
VisualStudioVersion = 15.0.28307.705
MinimumVisualStudioVersion = 10.0.40219.1
Project("{FAE04EC0-301F-11D3-BF4B-00C04F79EFBC}") = "Greater", "Greater\Greater.csproj", "{3370FE74-7E1B-40C7-AAC3-95D5DD9FFA2E}"
EndProject
Global
	GlobalSection(SolutionConfigurationPlatforms) = preSolution
		Debug|Any CPU = Debug|Any CPU
		Release|Any CPU = Release|Any CPU
	EndGlobalSection
	GlobalSection(ProjectConfigurationPlatforms) = postSolution
		{3370FE74-7E1B-40C7-AAC3-95D5DD9FFA2E}.Debug|Any CPU.ActiveCfg = Debug|Any CPU
		{3370FE74-7E1B-40C7-AAC3-95D5DD9FFA2E}.Debug|Any CPU.Build.0 = Debug|Any CPU
		{3370FE74-7E1B-40C7-AAC3-95D5DD9FFA2E}.Release|Any CPU.ActiveCfg = Release|Any CPU
		{3370FE74-7E1B-40C7-AAC3-95D5DD9FFA2E}.Release|Any CPU.Build.0 = Release|Any CPU
	EndGlobalSection
	GlobalSection(SolutionProperties) = preSolution
		HideSolutionNode = FALSE
	EndGlobalSection
	GlobalSection(ExtensibilityGlobals) = postSolution
		SolutionGuid = {90AE5567-6BFF-4A71-823E-6AE274C04A51}
	EndGlobalSection
EndGlobal
